
Microsoft Visual Studio Solution File, Format Version 12.00
# Visual Studio 15
Project("{FAE04EC0-301F-11D3-BF4B-00C04F79EFBC}") = "GitHubPullRequestsTool.Console", "GitHubPullRequestsTool.Console\GitHubPullRequestsTool.Console.csproj", "{1B5F3375-48CA-4AD3-AA3F-B802D66E29F7}"
EndProject
Project("{FAE04EC0-301F-11D3-BF4B-00C04F79EFBC}") = "GitHubPullRequestsTool", "GitHubPullRequestsTool\GitHubPullRequestsTool.csproj", "{BF700D04-08DD-4A21-BD06-5EB78D8C2B1E}"
EndProject
Global
	GlobalSection(SolutionConfigurationPlatforms) = preSolution
		Debug|Any CPU = Debug|Any CPU
		Release|Any CPU = Release|Any CPU
	EndGlobalSection
	GlobalSection(ProjectConfigurationPlatforms) = postSolution
		{1B5F3375-48CA-4AD3-AA3F-B802D66E29F7}.Debug|Any CPU.ActiveCfg = Debug|Any CPU
		{1B5F3375-48CA-4AD3-AA3F-B802D66E29F7}.Debug|Any CPU.Build.0 = Debug|Any CPU
		{1B5F3375-48CA-4AD3-AA3F-B802D66E29F7}.Release|Any CPU.ActiveCfg = Release|Any CPU
		{1B5F3375-48CA-4AD3-AA3F-B802D66E29F7}.Release|Any CPU.Build.0 = Release|Any CPU
		{BF700D04-08DD-4A21-BD06-5EB78D8C2B1E}.Debug|Any CPU.ActiveCfg = Debug|Any CPU
		{BF700D04-08DD-4A21-BD06-5EB78D8C2B1E}.Debug|Any CPU.Build.0 = Debug|Any CPU
		{BF700D04-08DD-4A21-BD06-5EB78D8C2B1E}.Release|Any CPU.ActiveCfg = Release|Any CPU
		{BF700D04-08DD-4A21-BD06-5EB78D8C2B1E}.Release|Any CPU.Build.0 = Release|Any CPU
	EndGlobalSection
EndGlobal
